{
  "name": "desenvolvimento-integrado-de-backend-para-gerenciamento-de-inventario",
  "version": "1.0.0",
  "lockfileVersion": 3,
  "requires": true,
  "packages": {
    "": {
      "name": "desenvolvimento-integrado-de-backend-para-gerenciamento-de-inventario",
      "version": "1.0.0",
      "license": "ISC"
    }
  }
}
